
Microsoft Visual Studio Solution File, Format Version 12.00
# Visual Studio Version 17
VisualStudioVersion = 17.2.32516.85
MinimumVisualStudioVersion = 10.0.40219.1
Project("{FAE04EC0-301F-11D3-BF4B-00C04F79EFBC}") = "sbpfr_xml", "sbpfr_xml\sbpfr_xml.csproj", "{45B4699D-D879-4C46-9571-5744E0F9204E}"
EndProject
Global
	GlobalSection(SolutionConfigurationPlatforms) = preSolution
		Debug|Any CPU = Debug|Any CPU
		Release|Any CPU = Release|Any CPU
	EndGlobalSection
	GlobalSection(ProjectConfigurationPlatforms) = postSolution
		{45B4699D-D879-4C46-9571-5744E0F9204E}.Debug|Any CPU.ActiveCfg = Debug|Any CPU
		{45B4699D-D879-4C46-9571-5744E0F9204E}.Debug|Any CPU.Build.0 = Debug|Any CPU
		{45B4699D-D879-4C46-9571-5744E0F9204E}.Release|Any CPU.ActiveCfg = Release|Any CPU
		{45B4699D-D879-4C46-9571-5744E0F9204E}.Release|Any CPU.Build.0 = Release|Any CPU
	EndGlobalSection
	GlobalSection(SolutionProperties) = preSolution
		HideSolutionNode = FALSE
	EndGlobalSection
	GlobalSection(ExtensibilityGlobals) = postSolution
		SolutionGuid = {0ADDA6F0-D6ED-4439-990B-C038351ED841}
	EndGlobalSection
EndGlobal
